
Microsoft Visual Studio Solution File, Format Version 12.00
# Visual Studio Version 17
VisualStudioVersion = 17.11.35312.102
MinimumVisualStudioVersion = 10.0.40219.1
Project("{FAE04EC0-301F-11D3-BF4B-00C04F79EFBC}") = "Tugas PR2", "Tugas PR2\Tugas PR2.csproj", "{D868C20E-AA69-472F-A7BC-D1E3C54BE272}"
EndProject
Global
	GlobalSection(SolutionConfigurationPlatforms) = preSolution
		Debug|Any CPU = Debug|Any CPU
		Release|Any CPU = Release|Any CPU
	EndGlobalSection
	GlobalSection(ProjectConfigurationPlatforms) = postSolution
		{D868C20E-AA69-472F-A7BC-D1E3C54BE272}.Debug|Any CPU.ActiveCfg = Debug|Any CPU
		{D868C20E-AA69-472F-A7BC-D1E3C54BE272}.Debug|Any CPU.Build.0 = Debug|Any CPU
		{D868C20E-AA69-472F-A7BC-D1E3C54BE272}.Release|Any CPU.ActiveCfg = Release|Any CPU
		{D868C20E-AA69-472F-A7BC-D1E3C54BE272}.Release|Any CPU.Build.0 = Release|Any CPU
	EndGlobalSection
	GlobalSection(SolutionProperties) = preSolution
		HideSolutionNode = FALSE
	EndGlobalSection
	GlobalSection(ExtensibilityGlobals) = postSolution
		SolutionGuid = {BC9A79B8-92FC-4689-A521-6C97E80AE81F}
	EndGlobalSection
EndGlobal
